{
    "_meta": {
        "hash": {
            "sha256": "81c9244e883238784b01c3b6957de987ed8ed7ac46953f519f7d7b6d6b49b58a"
        },
        "pipfile-spec": 6,
        "requires": {
            "python_version": "3.5"
        },
        "sources": [
            {
                "name": "pypi",
                "url": "https://pypi.org/simple",
                "verify_ssl": true
            }
        ]
    },
    "default": {
        "django-autocomplete-light": {
            "hashes": [
                "sha256:29ce2626a11eab2333e5aa9f95166a6d4400f11b5a05e8f23fa77017b1a9089a"
            ],
            "index": "pypi",
            "version": "==3.4.1"
        }
    },
    "develop": {}
}
